{
  "lockfileVersion": 1,
  "workspaces": {
    "": {
      "name": "powerbi",
      "dependencies": {
        "panic-overlay": "^1.0.51",
        "powerbi-client": "^2.22.2",
      },
    },
  },
  "packages": {
    "@lezer/common": ["@lezer/common@1.4.0", "", {}, "sha512-DVeMRoGrgn/k45oQNu189BoW4SZwgZFzJ1+1TV5j2NJ/KFC83oa/enRqZSGshyeMk5cPWMhsKs9nx+8o0unwGg=="],

    "@lezer/lr": ["@lezer/lr@1.4.4", "", { "dependencies": { "@lezer/common": "^1.0.0" } }, "sha512-LHL17Mq0OcFXm1pGQssuGTQFPPdxARjKM8f7GA5+sGtHi0K3R84YaSbmche0+RKWHnCsx9asEe5OWOI4FHfe4A=="],

    "@lmdb/lmdb-darwin-arm64": ["@lmdb/lmdb-darwin-arm64@2.8.5", "", { "os": "darwin", "cpu": "arm64" }, "sha512-KPDeVScZgA1oq0CiPBcOa3kHIqU+pTOwRFDIhxvmf8CTNvqdZQYp5cCKW0bUk69VygB2PuTiINFWbY78aR2pQw=="],

    "@lmdb/lmdb-darwin-x64": ["@lmdb/lmdb-darwin-x64@2.8.5", "", { "os": "darwin", "cpu": "x64" }, "sha512-w/sLhN4T7MW1nB3R/U8WK5BgQLz904wh+/SmA2jD8NnF7BLLoUgflCNxOeSPOWp8geP6nP/+VjWzZVip7rZ1ug=="],

    "@lmdb/lmdb-linux-arm": ["@lmdb/lmdb-linux-arm@2.8.5", "", { "os": "linux", "cpu": "arm" }, "sha512-c0TGMbm2M55pwTDIfkDLB6BpIsgxV4PjYck2HiOX+cy/JWiBXz32lYbarPqejKs9Flm7YVAKSILUducU9g2RVg=="],

    "@lmdb/lmdb-linux-arm64": ["@lmdb/lmdb-linux-arm64@2.8.5", "", { "os": "linux", "cpu": "arm64" }, "sha512-vtbZRHH5UDlL01TT5jB576Zox3+hdyogvpcbvVJlmU5PdL3c5V7cj1EODdh1CHPksRl+cws/58ugEHi8bcj4Ww=="],

    "@lmdb/lmdb-linux-x64": ["@lmdb/lmdb-linux-x64@2.8.5", "", { "os": "linux", "cpu": "x64" }, "sha512-Xkc8IUx9aEhP0zvgeKy7IQ3ReX2N8N1L0WPcQwnZweWmOuKfwpS3GRIYqLtK5za/w3E60zhFfNdS+3pBZPytqQ=="],

    "@lmdb/lmdb-win32-x64": ["@lmdb/lmdb-win32-x64@2.8.5", "", { "os": "win32", "cpu": "x64" }, "sha512-4wvrf5BgnR8RpogHhtpCPJMKBmvyZPhhUtEwMJbXh0ni2BucpfF07jlmyM11zRqQ2XIq6PbC2j7W7UCCcm1rRQ=="],

    "@mischnic/json-sourcemap": ["@mischnic/json-sourcemap@0.1.1", "", { "dependencies": { "@lezer/common": "^1.0.0", "@lezer/lr": "^1.0.0", "json5": "^2.2.1" } }, "sha512-iA7+tyVqfrATAIsIRWQG+a7ZLLD0VaOCKV2Wd/v4mqIU3J9c4jx9p7S0nw1XH3gJCKNBOOwACOPYYSUu9pgT+w=="],

    "@msgpackr-extract/msgpackr-extract-darwin-arm64": ["@msgpackr-extract/msgpackr-extract-darwin-arm64@3.0.3", "", { "os": "darwin", "cpu": "arm64" }, "sha512-QZHtlVgbAdy2zAqNA9Gu1UpIuI8Xvsd1v8ic6B2pZmeFnFcMWiPLfWXh7TVw4eGEZ/C9TH281KwhVoeQUKbyjw=="],

    "@msgpackr-extract/msgpackr-extract-darwin-x64": ["@msgpackr-extract/msgpackr-extract-darwin-x64@3.0.3", "", { "os": "darwin", "cpu": "x64" }, "sha512-mdzd3AVzYKuUmiWOQ8GNhl64/IoFGol569zNRdkLReh6LRLHOXxU4U8eq0JwaD8iFHdVGqSy4IjFL4reoWCDFw=="],

    "@msgpackr-extract/msgpackr-extract-linux-arm": ["@msgpackr-extract/msgpackr-extract-linux-arm@3.0.3", "", { "os": "linux", "cpu": "arm" }, "sha512-fg0uy/dG/nZEXfYilKoRe7yALaNmHoYeIoJuJ7KJ+YyU2bvY8vPv27f7UKhGRpY6euFYqEVhxCFZgAUNQBM3nw=="],

    "@msgpackr-extract/msgpackr-extract-linux-arm64": ["@msgpackr-extract/msgpackr-extract-linux-arm64@3.0.3", "", { "os": "linux", "cpu": "arm64" }, "sha512-YxQL+ax0XqBJDZiKimS2XQaf+2wDGVa1enVRGzEvLLVFeqa5kx2bWbtcSXgsxjQB7nRqqIGFIcLteF/sHeVtQg=="],

    "@msgpackr-extract/msgpackr-extract-linux-x64": ["@msgpackr-extract/msgpackr-extract-linux-x64@3.0.3", "", { "os": "linux", "cpu": "x64" }, "sha512-cvwNfbP07pKUfq1uH+S6KJ7dT9K8WOE4ZiAcsrSes+UY55E/0jLYc+vq+DO7jlmqRb5zAggExKm0H7O/CBaesg=="],

    "@msgpackr-extract/msgpackr-extract-win32-x64": ["@msgpackr-extract/msgpackr-extract-win32-x64@3.0.3", "", { "os": "win32", "cpu": "x64" }, "sha512-x0fWaQtYp4E6sktbsdAqnehxDgEc/VwM7uLsRCYWaiGu0ykYdZPiS8zCWdnjHwyiumousxfBm4SO31eXqwEZhQ=="],

    "@parcel/bundler-default": ["@parcel/bundler-default@2.16.1", "", { "dependencies": { "@parcel/diagnostic": "2.16.1", "@parcel/graph": "3.6.1", "@parcel/plugin": "2.16.1", "@parcel/rust": "2.16.1", "@parcel/utils": "2.16.1", "nullthrows": "^1.1.1" } }, "sha512-ruy+Yt96Jre2+5PSE4qcH7ETarIuQ+OIY8hejOQ53inVgu9QlvBJf/L2PhNkumHN2zA6m5f0m/MhB+amaee5ew=="],

    "@parcel/cache": ["@parcel/cache@2.16.1", "", { "dependencies": { "@parcel/fs": "2.16.1", "@parcel/logger": "2.16.1", "@parcel/utils": "2.16.1", "lmdb": "2.8.5" }, "peerDependencies": { "@parcel/core": "^2.16.1" } }, "sha512-qDlHQQ7RDfSi5MBnuFGCfQYiQQomsA5aZLntO5MCRD62VnMf9qz/RrCqpGFGOooljMoUaeVl0Q8ARvorRJJi8w=="],

    "@parcel/codeframe": ["@parcel/codeframe@2.16.1", "", { "dependencies": { "chalk": "^4.1.2" } }, "sha512-KLy9Fvf37SX6/wek2SUPw8A/W0kChcNXPUNeCIYWUFI4USAZ5KvesXS5RHUnrJTaR0XzD0Qia+MFJPgp6kuazQ=="],

    "@parcel/compressor-raw": ["@parcel/compressor-raw@2.16.1", "", { "dependencies": { "@parcel/plugin": "2.16.1" } }, "sha512-44sHWuEyGwUvs2bG1t/hsBP0lR06HO2btrXhkUGL+HX6D8cZrkZfSBFnUrGYZURYRybyx8qkhcogf5SU5rbwAQ=="],

    "@parcel/config-default": ["@parcel/config-default@2.16.1", "", { "dependencies": { "@parcel/bundler-default": "2.16.1", "@parcel/compressor-raw": "2.16.1", "@parcel/namer-default": "2.16.1", "@parcel/optimizer-css": "2.16.1", "@parcel/optimizer-html": "2.16.1", "@parcel/optimizer-image": "2.16.1", "@parcel/optimizer-svg": "2.16.1", "@parcel/optimizer-swc": "2.16.1", "@parcel/packager-css": "2.16.1", "@parcel/packager-html": "2.16.1", "@parcel/packager-js": "2.16.1", "@parcel/packager-raw": "2.16.1", "@parcel/packager-svg": "2.16.1", "@parcel/packager-wasm": "2.16.1", "@parcel/reporter-dev-server": "2.16.1", "@parcel/resolver-default": "2.16.1", "@parcel/runtime-browser-hmr": "2.16.1", "@parcel/runtime-js": "2.16.1", "@parcel/runtime-rsc": "2.16.1", "@parcel/runtime-service-worker": "2.16.1", "@parcel/transformer-babel": "2.16.1", "@parcel/transformer-css": "2.16.1", "@parcel/transformer-html": "2.16.1", "@parcel/transformer-image": "2.16.1", "@parcel/transformer-js": "2.16.1", "@parcel/transformer-json": "2.16.1", "@parcel/transformer-node": "2.16.1", "@parcel/transformer-postcss": "2.16.1", "@parcel/transformer-posthtml": "2.16.1", "@parcel/transformer-raw": "2.16.1", "@parcel/transformer-react-refresh-wrap": "2.16.1", "@parcel/transformer-svg": "2.16.1" }, "peerDependencies": { "@parcel/core": "^2.16.1" } }, "sha512-jBgbHW73MrEdiKH6LISLw5TZ2oVvyLm3GaYzwNkcRTUtSh6aRVjxvCWePdxy41dcwnMC/ABLsamtN4wokAKKSQ=="],

    "@parcel/core": ["@parcel/core@2.16.1", "", { "dependencies": { "@mischnic/json-sourcemap": "^0.1.1", "@parcel/cache": "2.16.1", "@parcel/diagnostic": "2.16.1", "@parcel/events": "2.16.1", "@parcel/feature-flags": "2.16.1", "@parcel/fs": "2.16.1", "@parcel/graph": "3.6.1", "@parcel/logger": "2.16.1", "@parcel/package-manager": "2.16.1", "@parcel/plugin": "2.16.1", "@parcel/profiler": "2.16.1", "@parcel/rust": "2.16.1", "@parcel/source-map": "^2.1.1", "@parcel/types": "2.16.1", "@parcel/utils": "2.16.1", "@parcel/workers": "2.16.1", "base-x": "^3.0.11", "browserslist": "^4.24.5", "clone": "^2.1.2", "dotenv": "^16.5.0", "dotenv-expand": "^11.0.7", "json5": "^2.2.3", "msgpackr": "^1.11.2", "nullthrows": "^1.1.1", "semver": "^7.7.1" } }, "sha512-tza8oKYaPopGBwroGJKv7BrTg1lxTycS7SANIizxMB9FxDsAkq4vPny5/KHpFBcW3UTCGBvvNAG1oaVzeWF5Pg=="],

    "@parcel/diagnostic": ["@parcel/diagnostic@2.16.1", "", { "dependencies": { "@mischnic/json-sourcemap": "^0.1.1", "nullthrows": "^1.1.1" } }, "sha512-PJl7/QGsPboAMVFZId31iGMMY70AllZNOtYka9rTZRjTiBhZw4VrAG/RdqqKzjVuL6fZhurmfcwWzj+3gx8ccg=="],

    "@parcel/error-overlay": ["@parcel/error-overlay@2.16.1", "", {}, "sha512-9vZq5ijoAn+JjodXc5FNy6ZQ2qpqSAaKDs+wCi4JrZMJJx7+dXZ31xtbpmP2SzG2Wppf8KhS/dOGmtQh65jT8Q=="],

    "@parcel/events": ["@parcel/events@2.16.1", "", {}, "sha512-+U7Trb2W8fm8w/OjwQpWN/Tepiwim/YNXuyPrhikFnsrg6QDdDTD/8/km4ah8Bzr0u4hIrn1k32InwDMCF5sig=="],

    "@parcel/feature-flags": ["@parcel/feature-flags@2.16.1", "", {}, "sha512-MY/z4gKZWk0MKvP+gpU42kiE9W4f9NM1fSCa1OcdqF7IUJDDM41CDJ9rbwSQrroDddIViaNzsLo7aSYVI/C7aA=="],

    "@parcel/fs": ["@parcel/fs@2.16.1", "", { "dependencies": { "@parcel/feature-flags": "2.16.1", "@parcel/rust": "2.16.1", "@parcel/types-internal": "2.16.1", "@parcel/utils": "2.16.1", "@parcel/watcher": "^2.0.7", "@parcel/workers": "2.16.1" }, "peerDependencies": { "@parcel/core": "^2.16.1" } }, "sha512-/akyrCaurd8rfgXuT6tDAK6I1JfW56TFJmzfIwuFSPbRy3YVu4JKN1g2PShpOLPdnqfWZNCcsd+yuuMFVhA2HA=="],

    "@parcel/graph": ["@parcel/graph@3.6.1", "", { "dependencies": { "@parcel/feature-flags": "2.16.1", "nullthrows": "^1.1.1" } }, "sha512-82sjbjrSPK5BXH0tb65tQl/qvo/b2vsyA5F6z3SaQ/c3A5bmv5RxTvse1AgOb0St0lZ7ALaZibj1qZFBUyjdqw=="],

    "@parcel/logger": ["@parcel/logger@2.16.1", "", { "dependencies": { "@parcel/diagnostic": "2.16.1", "@parcel/events": "2.16.1" } }, "sha512-w9Qpp5S79fqn6nh/VqVYG4kCbIeW45zdPvYJMFgE90zhBRLrOnqw06cRZQdKj24C7/kdqOFFbrJ3B5uTsYeS0w=="],

    "@parcel/markdown-ansi": ["@parcel/markdown-ansi@2.16.1", "", { "dependencies": { "chalk": "^4.1.2" } }, "sha512-4Qww9KkGrVrY/JyD2NtrdUmyufKOqGg3t6hkE4UqQBPb+GZd+TQi6i1mjWvOE6r9AF53x5PAZZ13f/HfllU2qA=="],

    "@parcel/namer-default": ["@parcel/namer-default@2.16.1", "", { "dependencies": { "@parcel/diagnostic": "2.16.1", "@parcel/plugin": "2.16.1", "nullthrows": "^1.1.1" } }, "sha512-vs4djcAt3HoQri6g8itdCzFTiFXwcVNfFDqa9By1pTdq/aKWapJWZaes2KCf2ey2FoEafS0tOIA90n124PM00A=="],

    "@parcel/node-resolver-core": ["@parcel/node-resolver-core@3.7.1", "", { "dependencies": { "@mischnic/json-sourcemap": "^0.1.1", "@parcel/diagnostic": "2.16.1", "@parcel/fs": "2.16.1", "@parcel/rust": "2.16.1", "@parcel/utils": "2.16.1", "nullthrows": "^1.1.1", "semver": "^7.7.1" } }, "sha512-xY+mzz1a5L22HvwkCHtt1fRZa8pD8znXLB8NLnqdu/xa7FGwWNgA2ukFPSlNGwwI5aw3jQylERP8Mr6/qLsefQ=="],

    "@parcel/optimizer-css": ["@parcel/optimizer-css@2.16.1", "", { "dependencies": { "@parcel/diagnostic": "2.16.1", "@parcel/plugin": "2.16.1", "@parcel/source-map": "^2.1.1", "@parcel/utils": "2.16.1", "browserslist": "^4.24.5", "lightningcss": "^1.30.1", "nullthrows": "^1.1.1" } }, "sha512-MIbeqxqcbtGksiNzIvFeMU++gsBl8MafQRghQxsB1kAMl49i+Cnj/Kp3qKkHd+Bb2XXlx7TagGtXCnCrtxdJjw=="],

    "@parcel/optimizer-html": ["@parcel/optimizer-html@2.16.1", "", { "dependencies": { "@parcel/plugin": "2.16.1", "@parcel/rust": "2.16.1", "@parcel/utils": "2.16.1" } }, "sha512-AwrecuOOuWqlon+rWJsQuXyJ70ivTbjm505NTBKoQYdVeEbO6pZYYeuF8ZKh0Qq+zOCy47397RgEuiuwLf9t2g=="],

    "@parcel/optimizer-image": ["@parcel/optimizer-image@2.16.1", "", { "dependencies": { "@parcel/diagnostic": "2.16.1", "@parcel/plugin": "2.16.1", "@parcel/rust": "2.16.1", "@parcel/utils": "2.16.1", "@parcel/workers": "2.16.1" }, "peerDependencies": { "@parcel/core": "^2.16.1" } }, "sha512-vlQW0DJQ0XTmM/rNwJUuLbTeB31CwyH2yb2RMZfByAGGodpy2vxt51NS/KyV1mNcJRBtW2Li+XVzYSb14dF5Bw=="],

    "@parcel/optimizer-svg": ["@parcel/optimizer-svg@2.16.1", "", { "dependencies": { "@parcel/plugin": "2.16.1", "@parcel/rust": "2.16.1", "@parcel/utils": "2.16.1" } }, "sha512-dpAlCrbITPQr5RpuSjr91pfkQumxOzyiaRM39kMwjsTrYa2/F/JCoPKJZMSMyODvB9MZAz2qfGkWbj/Xb+a1NQ=="],

    "@parcel/optimizer-swc": ["@parcel/optimizer-swc@2.16.1", "", { "dependencies": { "@parcel/diagnostic": "2.16.1", "@parcel/plugin": "2.16.1", "@parcel/source-map": "^2.1.1", "@parcel/utils": "2.16.1", "@swc/core": "^1.11.24", "nullthrows": "^1.1.1" } }, "sha512-mZtrISSio541K4IH0cT90c143YOvAhOs04RrBGs12WjtHOVTASt0V3gVhstP4W3HvtVNbkJ4mAtUiuC7xtuHJw=="],

    "@parcel/package-manager": ["@parcel/package-manager@2.16.1", "", { "dependencies": { "@parcel/diagnostic": "2.16.1", "@parcel/fs": "2.16.1", "@parcel/logger": "2.16.1", "@parcel/node-resolver-core": "3.7.1", "@parcel/types": "2.16.1", "@parcel/utils": "2.16.1", "@parcel/workers": "2.16.1", "@swc/core": "^1.11.24", "semver": "^7.7.1" }, "peerDependencies": { "@parcel/core": "^2.16.1" } }, "sha512-HDMT0+L7kMBG+YgkxaNv/1nobFRgygte9e0QuYiSVMngdbYvXw9Yy8tEDeWEAOKWs0rGtPXJD6k9gP8/Aa3VQw=="],

    "@parcel/packager-css": ["@parcel/packager-css@2.16.1", "", { "dependencies": { "@parcel/diagnostic": "2.16.1", "@parcel/plugin": "2.16.1", "@parcel/source-map": "^2.1.1", "@parcel/utils": "2.16.1", "lightningcss": "^1.30.1", "nullthrows": "^1.1.1" } }, "sha512-N4Ex89dqoprdDoSusM2qveQcpl9zdaQmZtW81xIMFK5+ruaBcKy6Rzyao8LWnbg4wfeNVE0zVkZEq7k3oxbCBA=="],

    "@parcel/packager-html": ["@parcel/packager-html@2.16.1", "", { "dependencies": { "@parcel/plugin": "2.16.1", "@parcel/rust": "2.16.1", "@parcel/types": "2.16.1", "@parcel/utils": "2.16.1" } }, "sha512-QleJQl63DC2AaIQ2rHS3d46zhGrIoxBz1QKDfgYoG+YxpG8nAKFgI3YBCMNwUYU4pVpNWxmLP/MRKNz9hVxL9Q=="],

    "@parcel/packager-js": ["@parcel/packager-js@2.16.1", "", { "dependencies": { "@parcel/diagnostic": "2.16.1", "@parcel/plugin": "2.16.1", "@parcel/rust": "2.16.1", "@parcel/source-map": "^2.1.1", "@parcel/types": "2.16.1", "@parcel/utils": "2.16.1", "globals": "^13.24.0", "nullthrows": "^1.1.1" } }, "sha512-jTxUhGVqZdierdjeGCJiuVBSBU8iVqp3A0BT/RCpcB0YYY3dymDHTQrAFw8h2kJ0ZcfQEr6BeFIU4RBTuM1xow=="],

    "@parcel/packager-raw": ["@parcel/packager-raw@2.16.1", "", { "dependencies": { "@parcel/plugin": "2.16.1" } }, "sha512-EYTGl4uKGu0HVFlCZtUcwo+aNr8/9BiXZyY1crd4SRF1cioKYpgLZKv31z1uNiaDrTxIRH8hWNnjPWAxj382NA=="],

    "@parcel/packager-svg": ["@parcel/packager-svg@2.16.1", "", { "dependencies": { "@parcel/plugin": "2.16.1", "@parcel/rust": "2.16.1", "@parcel/types": "2.16.1", "@parcel/utils": "2.16.1" } }, "sha512-DQJtFyjurSDu135vvDd0DDFjyaTS8eX9Gl8wS33fPh31PgeqbSYGSe6vtlIw5NHWSTgqvxGmwAf1HYY9WgEGTw=="],

    "@parcel/packager-wasm": ["@parcel/packager-wasm@2.16.1", "", { "dependencies": { "@parcel/plugin": "2.16.1" } }, "sha512-Do/5Cr4yckpWqeQyhiPqwDbbg+nwj20BGIP9edYIL9XAmCh8ARBwntFWmcSpeNdGp+DSJKQ28SgWCT/5cyyoig=="],

    "@parcel/plugin": ["@parcel/plugin@2.16.1", "", { "dependencies": { "@parcel/types": "2.16.1" } }, "sha512-/5hdgMFjd4pRZelfzWVAEWEH51qCHGB6I3z4mV3i8Teh0zsOgoHJrn1t+sVYkhKPDOMs16XAkx2iCMvEcktDrA=="],

    "@parcel/profiler": ["@parcel/profiler@2.16.1", "", { "dependencies": { "@parcel/diagnostic": "2.16.1", "@parcel/events": "2.16.1", "@parcel/types-internal": "2.16.1", "chrome-trace-event": "^1.0.2" } }, "sha512-9VKswpixK5CggxqoEoThiusnRbqU48QIWwmGQhaTV9iBYi9m/LhEYUoTa8K/KQ70yJknghMMNc1JfAvt2bfh5w=="],

    "@parcel/reporter-cli": ["@parcel/reporter-cli@2.16.1", "", { "dependencies": { "@parcel/plugin": "2.16.1", "@parcel/types": "2.16.1", "@parcel/utils": "2.16.1", "chalk": "^4.1.2", "term-size": "^2.2.1" } }, "sha512-+P4Nvg5a2GnOpsIf93U75JjPgltrAmGTCVyRpbeBo45uFBvHGKPX5O7Vn7rl1wWunNobOAxn6F9JxPCApcw79A=="],

    "@parcel/reporter-dev-server": ["@parcel/reporter-dev-server@2.16.1", "", { "dependencies": { "@parcel/codeframe": "2.16.1", "@parcel/plugin": "2.16.1", "@parcel/source-map": "^2.1.1", "@parcel/utils": "2.16.1" } }, "sha512-xTVhfnt3Se5BTLC/Dp4pBmytqdZcVyqDExJ39N9mi76/CW0XNDcMqRFACxQltu/ahxmUYYyFtpiXis5Daf9xzQ=="],

    "@parcel/reporter-tracer": ["@parcel/reporter-tracer@2.16.1", "", { "dependencies": { "@parcel/plugin": "2.16.1", "@parcel/utils": "2.16.1", "chrome-trace-event": "^1.0.3", "nullthrows": "^1.1.1" } }, "sha512-MDDzZx5j0yer+jTP/gBEPiMDzOAeKy7I0pLyPuntwKWnAiaG+TRaQPp8xXQhW6ZxIQIqsHkfUJoTksuFTla+tA=="],

    "@parcel/resolver-default": ["@parcel/resolver-default@2.16.1", "", { "dependencies": { "@parcel/node-resolver-core": "3.7.1", "@parcel/plugin": "2.16.1" } }, "sha512-UmnZClD4nWusNTpfC7WaNUfPNnNbjgrIR1l3kOAU+X/b/HJWczzMNIZGTw3rypV0df6XpQlrUrHc85NJ6aRlLA=="],

    "@parcel/runtime-browser-hmr": ["@parcel/runtime-browser-hmr@2.16.1", "", { "dependencies": { "@parcel/plugin": "2.16.1", "@parcel/utils": "2.16.1" } }, "sha512-W8Os+1ORHLJmzX+av76DQkyX4RLndhhB4u1o43P55UfAaV3URcc2I0tNQ/wZKA7qU2DhcdoXijMok7VRUfS0jw=="],

    "@parcel/runtime-js": ["@parcel/runtime-js@2.16.1", "", { "dependencies": { "@parcel/diagnostic": "2.16.1", "@parcel/plugin": "2.16.1", "@parcel/utils": "2.16.1", "nullthrows": "^1.1.1" } }, "sha512-Ck7DJw1QmeYiQ17z0Q3mtDl6fH1VPrORmygb2CYcGAIOfIbvXV74vRss1NqpScU8QTjN0qpL4Ve8txwoISgIAg=="],

    "@parcel/runtime-rsc": ["@parcel/runtime-rsc@2.16.1", "", { "dependencies": { "@parcel/plugin": "2.16.1", "@parcel/rust": "2.16.1", "@parcel/utils": "2.16.1", "nullthrows": "^1.1.1" } }, "sha512-waNc2gBWxfaUcvPtPAtjWwRLYLuMPHyu+JMgHV7txsv3JZnPNieUvTPbqeARbpsVpk2xTgFnAGS3HBfw5QW/Eg=="],

    "@parcel/runtime-service-worker": ["@parcel/runtime-service-worker@2.16.1", "", { "dependencies": { "@parcel/plugin": "2.16.1", "@parcel/utils": "2.16.1", "nullthrows": "^1.1.1" } }, "sha512-YiM/SS8rk/sBFdA8YFxlviO5FhAjzjBVAzzlnNG0qe3xLmqBfzHzW+RNf0/KblWRhxHCwmUDmzgE2ybaDeL3Lw=="],

    "@parcel/rust": ["@parcel/rust@2.16.1", "", { "optionalDependencies": { "@parcel/rust-darwin-arm64": "2.16.1", "@parcel/rust-darwin-x64": "2.16.1", "@parcel/rust-linux-arm-gnueabihf": "2.16.1", "@parcel/rust-linux-arm64-gnu": "2.16.1", "@parcel/rust-linux-arm64-musl": "2.16.1", "@parcel/rust-linux-x64-gnu": "2.16.1", "@parcel/rust-linux-x64-musl": "2.16.1", "@parcel/rust-win32-x64-msvc": "2.16.1" }, "peerDependencies": { "napi-wasm": "^1.1.2" }, "optionalPeers": ["napi-wasm"] }, "sha512-lQkf14MLKZSY/P8j1lrOgFvMCt95dO+VdXIIM2aHjbxnzYSIGgHIt2XDVtKULE+DexaYZbleA0tTnX8AABUIyQ=="],

    "@parcel/rust-darwin-arm64": ["@parcel/rust-darwin-arm64@2.16.1", "", { "os": "darwin", "cpu": "arm64" }, "sha512-6J1pnznHYzH1TOQbDZmbGa6bXNW+KXbD+XIihvQOid42DLGJNXRmwMmCU3en/759lF/pfmzmR7sm6wPKaKGfbg=="],

    "@parcel/rust-darwin-x64": ["@parcel/rust-darwin-x64@2.16.1", "", { "os": "darwin", "cpu": "x64" }, "sha512-NDZpxleSeJ0yPx4OobDcj+z5x6RzsWmuA1RXBDuCKhf2kyXKP3+kfmrQew/7Q0r9uKA5pqCIw0W4eFqy4IoqIA=="],

    "@parcel/rust-linux-arm-gnueabihf": ["@parcel/rust-linux-arm-gnueabihf@2.16.1", "", { "os": "linux", "cpu": "arm" }, "sha512-xLLcbMP38ya8/z5esp3ypN2htxO9AsY4uQqF2rigIUZ2abQwL4MPKxfVZtrExWdcrcWiFUbiwn3+GKu/0M9Yow=="],

    "@parcel/rust-linux-arm64-gnu": ["@parcel/rust-linux-arm64-gnu@2.16.1", "", { "os": "linux", "cpu": "arm64" }, "sha512-asZlimUq1wBmj2PDcoBSKD1SJvcLf1mXTcYGojOsA3dqkOOz7fGz7oubqZYn6IM+02cUDO4ekH+YBV6Eo7XlTg=="],

    "@parcel/rust-linux-arm64-musl": ["@parcel/rust-linux-arm64-musl@2.16.1", "", { "os": "linux", "cpu": "arm64" }, "sha512-japSgrHYDD+uNHQ8TEdEhpiWu0zWMVBE48W3HJ5FKkwUOY51whZa8w0lhYW88ykUDYtEEd1ipvflv0fSDFY1jw=="],

    "@parcel/rust-linux-x64-gnu": ["@parcel/rust-linux-x64-gnu@2.16.1", "", { "os": "linux", "cpu": "x64" }, "sha512-A2LHDou7QDsKn3qlE+DHTBFqnjk0Hy1dhVEJgPgvW4N0XMa4x2JEcnLI9oFZ4KDXyMLGs0H6/smZ88zSdFoF3w=="],

    "@parcel/rust-linux-x64-musl": ["@parcel/rust-linux-x64-musl@2.16.1", "", { "os": "linux", "cpu": "x64" }, "sha512-C+WgGbmIV1XxXUgNJdXpfZazqizYBvy7aesh8Z74QrlY99an/puQufd4kSbvwySN5iMGPSpN0VlyAUjDZLv9rQ=="],

    "@parcel/rust-win32-x64-msvc": ["@parcel/rust-win32-x64-msvc@2.16.1", "", { "os": "win32", "cpu": "x64" }, "sha512-m8LoaBJfw5nv/4elM/jNNhWL5/HqBHNQnrbnN89e8sxn4L/zv9bPoXqHOuZglXwyB5velw1MGonX9Be/aK00ag=="],

    "@parcel/source-map": ["@parcel/source-map@2.1.1", "", { "dependencies": { "detect-libc": "^1.0.3" } }, "sha512-Ejx1P/mj+kMjQb8/y5XxDUn4reGdr+WyKYloBljpppUy8gs42T+BNoEOuRYqDVdgPc6NxduzIDoJS9pOFfV5Ew=="],

    "@parcel/transformer-babel": ["@parcel/transformer-babel@2.16.1", "", { "dependencies": { "@parcel/diagnostic": "2.16.1", "@parcel/plugin": "2.16.1", "@parcel/source-map": "^2.1.1", "@parcel/utils": "2.16.1", "browserslist": "^4.24.5", "json5": "^2.2.3", "nullthrows": "^1.1.1", "semver": "^7.7.1" } }, "sha512-/wjA5RaptiRMp+IxYOMiGlKDaymiEpwMJOPFvW0kDjvhrl40SqGfP4GgY3jV3N2GdC5jBpesDvo2RYd4/xaT9g=="],

    "@parcel/transformer-css": ["@parcel/transformer-css@2.16.1", "", { "dependencies": { "@parcel/diagnostic": "2.16.1", "@parcel/plugin": "2.16.1", "@parcel/source-map": "^2.1.1", "@parcel/utils": "2.16.1", "browserslist": "^4.24.5", "lightningcss": "^1.30.1", "nullthrows": "^1.1.1" } }, "sha512-4lcrJFE1EdZ2z0Px0ynH+Eajg1vIoZzdqqz2x3UgWrkYVM4WHpZe/w7r2OCafyuobhJR4XYKTqxIYdHo4xWpiw=="],

    "@parcel/transformer-html": ["@parcel/transformer-html@2.16.1", "", { "dependencies": { "@parcel/diagnostic": "2.16.1", "@parcel/plugin": "2.16.1", "@parcel/rust": "2.16.1" } }, "sha512-9OP4f5JSKeDMP1LGJx4BMcMTqiF+uc+3Sum4zrlMBN6EuhYlj02IpcsHMWxZuY0uow/nnwY+aB3X83Bk3AFC1Q=="],

    "@parcel/transformer-image": ["@parcel/transformer-image@2.16.1", "", { "dependencies": { "@parcel/plugin": "2.16.1", "@parcel/utils": "2.16.1", "@parcel/workers": "2.16.1", "nullthrows": "^1.1.1" }, "peerDependencies": { "@parcel/core": "^2.16.1" } }, "sha512-VyV8LMIK+7jtELpHky9MhD1hZl6YQ9F7LWIsPhrJ938HJEDwEQbZmiAJmMY9IV5kBOhhF3eGXSr/uSFA/F+Wcw=="],

    "@parcel/transformer-js": ["@parcel/transformer-js@2.16.1", "", { "dependencies": { "@parcel/diagnostic": "2.16.1", "@parcel/plugin": "2.16.1", "@parcel/rust": "2.16.1", "@parcel/source-map": "^2.1.1", "@parcel/utils": "2.16.1", "@parcel/workers": "2.16.1", "@swc/helpers": "^0.5.0", "browserslist": "^4.24.5", "nullthrows": "^1.1.1", "regenerator-runtime": "^0.14.1", "semver": "^7.7.1" }, "peerDependencies": { "@parcel/core": "^2.16.1" } }, "sha512-GPQ3X9UqrlLDBg06u7rG+IZNT9Kl+7+6gY7qJkrw4If1JnmW5O+xVR8zHe/P+6BvxJnOg0iFqzUueZacYHmHzw=="],

    "@parcel/transformer-json": ["@parcel/transformer-json@2.16.1", "", { "dependencies": { "@parcel/plugin": "2.16.1", "json5": "^2.2.3" } }, "sha512-LdRdPZiBPvSKHr0KeDnLpGxqPen1OV3nvkrjZex28TluaiHFLPOCC4AQOcJ4xhDNPCzt1bONjJ6QhkYjfogNqw=="],

    "@parcel/transformer-node": ["@parcel/transformer-node@2.16.1", "", { "dependencies": { "@parcel/plugin": "2.16.1" } }, "sha512-gclbMgvT8jNyTMFb5PeH0wni8N66dGMWgy381HZrRbkcb4KAw+PGLznrDng72Qyo/OxvEwK/IVkACz6EVoBygA=="],

    "@parcel/transformer-postcss": ["@parcel/transformer-postcss@2.16.1", "", { "dependencies": { "@parcel/diagnostic": "2.16.1", "@parcel/plugin": "2.16.1", "@parcel/rust": "2.16.1", "@parcel/utils": "2.16.1", "clone": "^2.1.2", "nullthrows": "^1.1.1", "postcss-value-parser": "^4.2.0", "semver": "^7.7.1" } }, "sha512-fw252N0Lx3sZ2+XwiwhAD1350k5wx0Ez4c83wm8cVMsMSV4qW5LHFmfh2+2iHYxbUj0vqCPCmo1hoiNvmixqKg=="],

    "@parcel/transformer-posthtml": ["@parcel/transformer-posthtml@2.16.1", "", { "dependencies": { "@parcel/plugin": "2.16.1", "@parcel/utils": "2.16.1" } }, "sha512-QUdA4Q3nw2WPPkFeVzvTxq4tOkAxOmm1miP8FjXTeM6kOoYI296HIhqqMhiXj6BZ4J+zc/J+WpUCkYFDfEWScA=="],

    "@parcel/transformer-raw": ["@parcel/transformer-raw@2.16.1", "", { "dependencies": { "@parcel/plugin": "2.16.1" } }, "sha512-wiNtbiXsXpdHNO1hGqTQNYQKKuwGcfz7pL/3Em+ucyqeaURXhRQVs5QIwCGIvHiVlS/5OrxPoVWSNA6d0oicAg=="],

    "@parcel/transformer-react-refresh-wrap": ["@parcel/transformer-react-refresh-wrap@2.16.1", "", { "dependencies": { "@parcel/error-overlay": "2.16.1", "@parcel/plugin": "2.16.1", "@parcel/utils": "2.16.1", "react-refresh": "^0.16.0" } }, "sha512-mUIA80/KtT3lz1Zep0t5VDqndSg0pqnkVdpBAn3QUABtT/2KR6Kr6YxFsxGAAN0BZ+Xnx92uPmQjhlkviVAk6g=="],

    "@parcel/transformer-svg": ["@parcel/transformer-svg@2.16.1", "", { "dependencies": { "@parcel/diagnostic": "2.16.1", "@parcel/plugin": "2.16.1", "@parcel/rust": "2.16.1" } }, "sha512-OBB0kDjDAAgNzcVqxo/igd+iQL3EDbo8C36JzvH07zR72OXErAdJhTdgtfRq4fqFtMyLyBLT/s3Z37c1GzLoCQ=="],

    "@parcel/types": ["@parcel/types@2.16.1", "", { "dependencies": { "@parcel/types-internal": "2.16.1", "@parcel/workers": "2.16.1" } }, "sha512-RFeomuzV/0Ze0jyzzx0u/eB4bXX6ISxrARA3k/3c7MQ+jaoY67+ELd8FwPV6ZmLqvvYIFdGiCZl6ascCABKwgg=="],

    "@parcel/types-internal": ["@parcel/types-internal@2.16.1", "", { "dependencies": { "@parcel/diagnostic": "2.16.1", "@parcel/feature-flags": "2.16.1", "@parcel/source-map": "^2.1.1", "utility-types": "^3.11.0" } }, "sha512-HVCHm0uFyJMsu30bAfm/pd0RNsXRWX0mUXaDHzGJRZ2Yer53JA6elRwkgrPz1KosBA+OuNU/G8atXfCxPMXdKw=="],

    "@parcel/utils": ["@parcel/utils@2.16.1", "", { "dependencies": { "@parcel/codeframe": "2.16.1", "@parcel/diagnostic": "2.16.1", "@parcel/logger": "2.16.1", "@parcel/markdown-ansi": "2.16.1", "@parcel/rust": "2.16.1", "@parcel/source-map": "^2.1.1", "chalk": "^4.1.2", "nullthrows": "^1.1.1" } }, "sha512-aoY6SCfAY7X6L39PFOsWNNcAobmJr4AJEgco+PJ2UAPFiHhkBZfUofXCwna5GHH5uqXZx6u3rAHiCUrM3bEDXg=="],

    "@parcel/watcher": ["@parcel/watcher@2.5.1", "", { "dependencies": { "detect-libc": "^1.0.3", "is-glob": "^4.0.3", "micromatch": "^4.0.5", "node-addon-api": "^7.0.0" }, "optionalDependencies": { "@parcel/watcher-android-arm64": "2.5.1", "@parcel/watcher-darwin-arm64": "2.5.1", "@parcel/watcher-darwin-x64": "2.5.1", "@parcel/watcher-freebsd-x64": "2.5.1", "@parcel/watcher-linux-arm-glibc": "2.5.1", "@parcel/watcher-linux-arm-musl": "2.5.1", "@parcel/watcher-linux-arm64-glibc": "2.5.1", "@parcel/watcher-linux-arm64-musl": "2.5.1", "@parcel/watcher-linux-x64-glibc": "2.5.1", "@parcel/watcher-linux-x64-musl": "2.5.1", "@parcel/watcher-win32-arm64": "2.5.1", "@parcel/watcher-win32-ia32": "2.5.1", "@parcel/watcher-win32-x64": "2.5.1" } }, "sha512-dfUnCxiN9H4ap84DvD2ubjw+3vUNpstxa0TneY/Paat8a3R4uQZDLSvWjmznAY/DoahqTHl9V46HF/Zs3F29pg=="],

    "@parcel/watcher-android-arm64": ["@parcel/watcher-android-arm64@2.5.1", "", { "os": "android", "cpu": "arm64" }, "sha512-KF8+j9nNbUN8vzOFDpRMsaKBHZ/mcjEjMToVMJOhTozkDonQFFrRcfdLWn6yWKCmJKmdVxSgHiYvTCef4/qcBA=="],

    "@parcel/watcher-darwin-arm64": ["@parcel/watcher-darwin-arm64@2.5.1", "", { "os": "darwin", "cpu": "arm64" }, "sha512-eAzPv5osDmZyBhou8PoF4i6RQXAfeKL9tjb3QzYuccXFMQU0ruIc/POh30ePnaOyD1UXdlKguHBmsTs53tVoPw=="],

    "@parcel/watcher-darwin-x64": ["@parcel/watcher-darwin-x64@2.5.1", "", { "os": "darwin", "cpu": "x64" }, "sha512-1ZXDthrnNmwv10A0/3AJNZ9JGlzrF82i3gNQcWOzd7nJ8aj+ILyW1MTxVk35Db0u91oD5Nlk9MBiujMlwmeXZg=="],

    "@parcel/watcher-freebsd-x64": ["@parcel/watcher-freebsd-x64@2.5.1", "", { "os": "freebsd", "cpu": "x64" }, "sha512-SI4eljM7Flp9yPuKi8W0ird8TI/JK6CSxju3NojVI6BjHsTyK7zxA9urjVjEKJ5MBYC+bLmMcbAWlZ+rFkLpJQ=="],

    "@parcel/watcher-linux-arm-glibc": ["@parcel/watcher-linux-arm-glibc@2.5.1", "", { "os": "linux", "cpu": "arm" }, "sha512-RCdZlEyTs8geyBkkcnPWvtXLY44BCeZKmGYRtSgtwwnHR4dxfHRG3gR99XdMEdQ7KeiDdasJwwvNSF5jKtDwdA=="],

    "@parcel/watcher-linux-arm-musl": ["@parcel/watcher-linux-arm-musl@2.5.1", "", { "os": "linux", "cpu": "arm" }, "sha512-6E+m/Mm1t1yhB8X412stiKFG3XykmgdIOqhjWj+VL8oHkKABfu/gjFj8DvLrYVHSBNC+/u5PeNrujiSQ1zwd1Q=="],

    "@parcel/watcher-linux-arm64-glibc": ["@parcel/watcher-linux-arm64-glibc@2.5.1", "", { "os": "linux", "cpu": "arm64" }, "sha512-LrGp+f02yU3BN9A+DGuY3v3bmnFUggAITBGriZHUREfNEzZh/GO06FF5u2kx8x+GBEUYfyTGamol4j3m9ANe8w=="],

    "@parcel/watcher-linux-arm64-musl": ["@parcel/watcher-linux-arm64-musl@2.5.1", "", { "os": "linux", "cpu": "arm64" }, "sha512-cFOjABi92pMYRXS7AcQv9/M1YuKRw8SZniCDw0ssQb/noPkRzA+HBDkwmyOJYp5wXcsTrhxO0zq1U11cK9jsFg=="],

    "@parcel/watcher-linux-x64-glibc": ["@parcel/watcher-linux-x64-glibc@2.5.1", "", { "os": "linux", "cpu": "x64" }, "sha512-GcESn8NZySmfwlTsIur+49yDqSny2IhPeZfXunQi48DMugKeZ7uy1FX83pO0X22sHntJ4Ub+9k34XQCX+oHt2A=="],

    "@parcel/watcher-linux-x64-musl": ["@parcel/watcher-linux-x64-musl@2.5.1", "", { "os": "linux", "cpu": "x64" }, "sha512-n0E2EQbatQ3bXhcH2D1XIAANAcTZkQICBPVaxMeaCVBtOpBZpWJuf7LwyWPSBDITb7In8mqQgJ7gH8CILCURXg=="],

    "@parcel/watcher-win32-arm64": ["@parcel/watcher-win32-arm64@2.5.1", "", { "os": "win32", "cpu": "arm64" }, "sha512-RFzklRvmc3PkjKjry3hLF9wD7ppR4AKcWNzH7kXR7GUe0Igb3Nz8fyPwtZCSquGrhU5HhUNDr/mKBqj7tqA2Vw=="],

    "@parcel/watcher-win32-ia32": ["@parcel/watcher-win32-ia32@2.5.1", "", { "os": "win32", "cpu": "ia32" }, "sha512-c2KkcVN+NJmuA7CGlaGD1qJh1cLfDnQsHjE89E60vUEMlqduHGCdCLJCID5geFVM0dOtA3ZiIO8BoEQmzQVfpQ=="],

    "@parcel/watcher-win32-x64": ["@parcel/watcher-win32-x64@2.5.1", "", { "os": "win32", "cpu": "x64" }, "sha512-9lHBdJITeNR++EvSQVUcaZoWupyHfXe1jZvGZ06O/5MflPcuPLtEphScIBL+AiCWBO46tDSHzWyD0uDmmZqsgA=="],

    "@parcel/workers": ["@parcel/workers@2.16.1", "", { "dependencies": { "@parcel/diagnostic": "2.16.1", "@parcel/logger": "2.16.1", "@parcel/profiler": "2.16.1", "@parcel/types-internal": "2.16.1", "@parcel/utils": "2.16.1", "nullthrows": "^1.1.1" }, "peerDependencies": { "@parcel/core": "^2.16.1" } }, "sha512-yEUAjBrSgo5MYAAQbncYbw1m9WrNiJs+xKdfdHNUrOHlT7G+v62HJAZJWJsvyGQBE2nchSO+bEPgv+kxAF8mIA=="],

    "@swc/core": ["@swc/core@1.15.3", "", { "dependencies": { "@swc/counter": "^0.1.3", "@swc/types": "^0.1.25" }, "optionalDependencies": { "@swc/core-darwin-arm64": "1.15.3", "@swc/core-darwin-x64": "1.15.3", "@swc/core-linux-arm-gnueabihf": "1.15.3", "@swc/core-linux-arm64-gnu": "1.15.3", "@swc/core-linux-arm64-musl": "1.15.3", "@swc/core-linux-x64-gnu": "1.15.3", "@swc/core-linux-x64-musl": "1.15.3", "@swc/core-win32-arm64-msvc": "1.15.3", "@swc/core-win32-ia32-msvc": "1.15.3", "@swc/core-win32-x64-msvc": "1.15.3" }, "peerDependencies": { "@swc/helpers": ">=0.5.17" }, "optionalPeers": ["@swc/helpers"] }, "sha512-Qd8eBPkUFL4eAONgGjycZXj1jFCBW8Fd+xF0PzdTlBCWQIV1xnUT7B93wUANtW3KGjl3TRcOyxwSx/u/jyKw/Q=="],

    "@swc/core-darwin-arm64": ["@swc/core-darwin-arm64@1.15.3", "", { "os": "darwin", "cpu": "arm64" }, "sha512-AXfeQn0CvcQ4cndlIshETx6jrAM45oeUrK8YeEY6oUZU/qzz0Id0CyvlEywxkWVC81Ajpd8TQQ1fW5yx6zQWkQ=="],

    "@swc/core-darwin-x64": ["@swc/core-darwin-x64@1.15.3", "", { "os": "darwin", "cpu": "x64" }, "sha512-p68OeCz1ui+MZYG4wmfJGvcsAcFYb6Sl25H9TxWl+GkBgmNimIiRdnypK9nBGlqMZAcxngNPtnG3kEMNnvoJ2A=="],

    "@swc/core-linux-arm-gnueabihf": ["@swc/core-linux-arm-gnueabihf@1.15.3", "", { "os": "linux", "cpu": "arm" }, "sha512-Nuj5iF4JteFgwrai97mUX+xUOl+rQRHqTvnvHMATL/l9xE6/TJfPBpd3hk/PVpClMXG3Uvk1MxUFOEzM1JrMYg=="],

    "@swc/core-linux-arm64-gnu": ["@swc/core-linux-arm64-gnu@1.15.3", "", { "os": "linux", "cpu": "arm64" }, "sha512-2Nc/s8jE6mW2EjXWxO/lyQuLKShcmTrym2LRf5Ayp3ICEMX6HwFqB1EzDhwoMa2DcUgmnZIalesq2lG3krrUNw=="],

    "@swc/core-linux-arm64-musl": ["@swc/core-linux-arm64-musl@1.15.3", "", { "os": "linux", "cpu": "arm64" }, "sha512-j4SJniZ/qaZ5g8op+p1G9K1z22s/EYGg1UXIb3+Cg4nsxEpF5uSIGEE4mHUfA70L0BR9wKT2QF/zv3vkhfpX4g=="],

    "@swc/core-linux-x64-gnu": ["@swc/core-linux-x64-gnu@1.15.3", "", { "os": "linux", "cpu": "x64" }, "sha512-aKttAZnz8YB1VJwPQZtyU8Uk0BfMP63iDMkvjhJzRZVgySmqt/apWSdnoIcZlUoGheBrcqbMC17GGUmur7OT5A=="],

    "@swc/core-linux-x64-musl": ["@swc/core-linux-x64-musl@1.15.3", "", { "os": "linux", "cpu": "x64" }, "sha512-oe8FctPu1gnUsdtGJRO2rvOUIkkIIaHqsO9xxN0bTR7dFTlPTGi2Fhk1tnvXeyAvCPxLIcwD8phzKg6wLv9yug=="],

    "@swc/core-win32-arm64-msvc": ["@swc/core-win32-arm64-msvc@1.15.3", "", { "os": "win32", "cpu": "arm64" }, "sha512-L9AjzP2ZQ/Xh58e0lTRMLvEDrcJpR7GwZqAtIeNLcTK7JVE+QineSyHp0kLkO1rttCHyCy0U74kDTj0dRz6raA=="],

    "@swc/core-win32-ia32-msvc": ["@swc/core-win32-ia32-msvc@1.15.3", "", { "os": "win32", "cpu": "ia32" }, "sha512-B8UtogMzErUPDWUoKONSVBdsgKYd58rRyv2sHJWKOIMCHfZ22FVXICR4O/VwIYtlnZ7ahERcjayBHDlBZpR0aw=="],

    "@swc/core-win32-x64-msvc": ["@swc/core-win32-x64-msvc@1.15.3", "", { "os": "win32", "cpu": "x64" }, "sha512-SpZKMR9QBTecHeqpzJdYEfgw30Oo8b/Xl6rjSzBt1g0ZsXyy60KLXrp6IagQyfTYqNYE/caDvwtF2FPn7pomog=="],

    "@swc/counter": ["@swc/counter@0.1.3", "", {}, "sha512-e2BR4lsJkkRlKZ/qCHPw9ZaSxc0MVUd7gtbtaB7aMvHeJVYe8sOB8DBZkP2DtISHGSku9sCK6T6cnY0CtXrOCQ=="],

    "@swc/helpers": ["@swc/helpers@0.5.17", "", { "dependencies": { "tslib": "^2.8.0" } }, "sha512-5IKx/Y13RsYd+sauPb2x+U/xZikHjolzfuDgTAl/Tdf3Q8rslRvC19NKDLgAJQ6wsqADk10ntlv08nPFw/gO/A=="],

    "@swc/types": ["@swc/types@0.1.25", "", { "dependencies": { "@swc/counter": "^0.1.3" } }, "sha512-iAoY/qRhNH8a/hBvm3zKj9qQ4oc2+3w1unPJa2XvTK3XjeLXtzcCingVPw/9e5mn1+0yPqxcBGp9Jf0pkfMb1g=="],

    "ansi-styles": ["ansi-styles@4.3.0", "", { "dependencies": { "color-convert": "^2.0.1" } }, "sha512-zbB9rCJAT1rbjiVDb2hqKFHNYLxgtk8NURxZ3IZwD3F6NtxbXZQCnnSi1Lkx+IDohdPlFp222wVALIheZJQSEg=="],

    "as-table": ["as-table@1.0.55", "", { "dependencies": { "printable-characters": "^1.0.42" } }, "sha512-xvsWESUJn0JN421Xb9MQw6AsMHRCUknCe0Wjlxvjud80mU4E6hQf1A6NzQKcYNmYw62MfzEtXc+badstZP3JpQ=="],

    "base-x": ["base-x@3.0.11", "", { "dependencies": { "safe-buffer": "^5.0.1" } }, "sha512-xz7wQ8xDhdyP7tQxwdteLYeFfS68tSMNCZ/Y37WJ4bhGfKPpqEIlmIyueQHqOyoPhE6xNUqjzRr8ra0eF9VRvA=="],

    "baseline-browser-mapping": ["baseline-browser-mapping@2.9.2", "", { "bin": { "baseline-browser-mapping": "dist/cli.js" } }, "sha512-PxSsosKQjI38iXkmb3d0Y32efqyA0uW4s41u4IVBsLlWLhCiYNpH/AfNOVWRqCQBlD8TFJTz6OUWNd4DFJCnmw=="],

    "braces": ["braces@3.0.3", "", { "dependencies": { "fill-range": "^7.1.1" } }, "sha512-yQbXgO/OSZVD2IsiLlro+7Hf6Q18EJrKSEsdoMzKePKXct3gvD8oLcOQdIzGupr5Fj+EDe8gO/lxc1BzfMpxvA=="],

    "browserslist": ["browserslist@4.28.1", "", { "dependencies": { "baseline-browser-mapping": "^2.9.0", "caniuse-lite": "^1.0.30001759", "electron-to-chromium": "^1.5.263", "node-releases": "^2.0.27", "update-browserslist-db": "^1.2.0" }, "bin": { "browserslist": "cli.js" } }, "sha512-ZC5Bd0LgJXgwGqUknZY/vkUQ04r8NXnJZ3yYi4vDmSiZmC/pdSN0NbNRPxZpbtO4uAfDUAFffO8IZoM3Gj8IkA=="],

    "caniuse-lite": ["caniuse-lite@1.0.30001759", "", {}, "sha512-Pzfx9fOKoKvevQf8oCXoyNRQ5QyxJj+3O0Rqx2V5oxT61KGx8+n6hV/IUyJeifUci2clnmmKVpvtiqRzgiWjSw=="],

    "chalk": ["chalk@4.1.2", "", { "dependencies": { "ansi-styles": "^4.1.0", "supports-color": "^7.1.0" } }, "sha512-oKnbhFyRIXpUuez8iBMmyEa4nbj4IOQyuhc/wy9kY7/WVPcwIO9VA668Pu8RkO7+0G76SLROeyw9CpQ061i4mA=="],

    "chrome-trace-event": ["chrome-trace-event@1.0.4", "", {}, "sha512-rNjApaLzuwaOTjCiT8lSDdGN1APCiqkChLMJxJPWLunPAt5fy8xgU9/jNOchV84wfIxrA0lRQB7oCT8jrn/wrQ=="],

    "clone": ["clone@2.1.2", "", {}, "sha512-3Pe/CF1Nn94hyhIYpjtiLhdCoEoz0DqQ+988E9gmeEdQZlojxnOb74wctFyuwWQHzqyf9X7C7MG8juUpqBJT8w=="],

    "color-convert": ["color-convert@2.0.1", "", { "dependencies": { "color-name": "~1.1.4" } }, "sha512-RRECPsj7iu/xb5oKYcsFHSppFNnsj/52OVTRKb4zP5onXwVF3zVmmToNcOfGC+CRDpfK/U584fMg38ZHCaElKQ=="],

    "color-name": ["color-name@1.1.4", "", {}, "sha512-dOy+3AuW3a2wNbZHIuMZpTcgjGuLU/uBL/ubcZF9OXbDo8ff4O8yVp5Bf0efS8uEoYo5q4Fx7dY9OgQGXgAsQA=="],

    "commander": ["commander@12.1.0", "", {}, "sha512-Vw8qHK3bZM9y/P10u3Vib8o/DdkvA2OtPtZvD871QKjy74Wj1WSKFILMPRPSdUSx5RFK1arlJzEtA4PkFgnbuA=="],

    "data-uri-to-buffer": ["data-uri-to-buffer@2.0.2", "", {}, "sha512-ND9qDTLc6diwj+Xe5cdAgVTbLVdXbtxTJRXRhli8Mowuaan+0EJOtdqJ0QCHNSSPyoXGx9HX2/VMnKeC34AChA=="],

    "detect-libc": ["detect-libc@1.0.3", "", { "bin": { "detect-libc": "./bin/detect-libc.js" } }, "sha512-pGjwhsmsp4kL2RTz08wcOlGN83otlqHeD/Z5T8GXZB+/YcpQ/dgo+lbU8ZsGxV0HIvqqxo9l7mqYwyYMD9bKDg=="],

    "dotenv": ["dotenv@16.6.1", "", {}, "sha512-uBq4egWHTcTt33a72vpSG0z3HnPuIl6NqYcTrKEg2azoEyl2hpW0zqlxysq2pK9HlDIHyHyakeYaYnSAwd8bow=="],

    "dotenv-expand": ["dotenv-expand@11.0.7", "", { "dependencies": { "dotenv": "^16.4.5" } }, "sha512-zIHwmZPRshsCdpMDyVsqGmgyP0yT8GAgXUnkdAoJisxvf33k7yO6OuoKmcTGuXPWSsm8Oh88nZicRLA9Y0rUeA=="],

    "electron-to-chromium": ["electron-to-chromium@1.5.265", "", {}, "sha512-B7IkLR1/AE+9jR2LtVF/1/6PFhY5TlnEHnlrKmGk7PvkJibg5jr+mLXLLzq3QYl6PA1T/vLDthQPqIPAlS/PPA=="],

    "es6-promise": ["es6-promise@3.3.1", "", {}, "sha512-SOp9Phqvqn7jtEUxPWdWfWoLmyt2VaJ6MpvP9Comy1MceMXqE6bxvaTu4iaxpYYPzhny28Lc+M87/c2cPK6lDg=="],

    "escalade": ["escalade@3.2.0", "", {}, "sha512-WUj2qlxaQtO4g6Pq5c29GTcWGDyd8itL8zTlipgECz3JesAiiOKotd8JU6otB3PACgG6xkJUyVhboMS+bje/jA=="],

    "fill-range": ["fill-range@7.1.1", "", { "dependencies": { "to-regex-range": "^5.0.1" } }, "sha512-YsGpe3WHLK8ZYi4tWDg2Jy3ebRz2rXowDxnld4bkQB00cc/1Zw9AWnC0i9ztDJitivtQvaI9KaLyKrc+hBW0yg=="],

    "get-port": ["get-port@4.2.0", "", {}, "sha512-/b3jarXkH8KJoOMQc3uVGHASwGLPq3gSFJ7tgJm2diza+bydJPTGOibin2steecKeOylE8oY2JERlVWkAJO6yw=="],

    "get-source": ["get-source@2.0.12", "", { "dependencies": { "data-uri-to-buffer": "^2.0.0", "source-map": "^0.6.1" } }, "sha512-X5+4+iD+HoSeEED+uwrQ07BOQr0kEDFMVqqpBuI+RaZBpBpHCuXxo70bjar6f0b0u/DQJsJ7ssurpP0V60Az+w=="],

    "globals": ["globals@13.24.0", "", { "dependencies": { "type-fest": "^0.20.2" } }, "sha512-AhO5QUcj8llrbG09iWhPU2B204J1xnPeL8kQmVorSsy+Sjj1sk8gIyh6cUocGmH4L0UuhAJy+hJMRA4mgA4mFQ=="],

    "has-flag": ["has-flag@4.0.0", "", {}, "sha512-EykJT/Q1KjTWctppgIAgfSO0tKVuZUjhgMr17kqTumMl6Afv3EISleU7qZUzoXDFTAHTDC4NOoG/ZxU3EvlMPQ=="],

    "http-post-message": ["http-post-message@0.2.3", "", { "dependencies": { "es6-promise": "^3.2.1" } }, "sha512-76heerrzYhvWptJfWxUarHw2O3fkMqF48bbq/S6XFWHUc34o8tkySBwtReXuAKJAECZWVu8U0TYLckFcwtSdrg=="],

    "is-extglob": ["is-extglob@2.1.1", "", {}, "sha512-SbKbANkN603Vi4jEZv49LeVJMn4yGwsbzZworEoyEiutsN3nJYdbO36zfhGJ6QEDpOZIFkDtnq5JRxmvl3jsoQ=="],

    "is-glob": ["is-glob@4.0.3", "", { "dependencies": { "is-extglob": "^2.1.1" } }, "sha512-xelSayHH36ZgE7ZWhli7pW34hNbNl8Ojv5KVmkJD4hBdD3th8Tfk9vYasLM+mXWOZhFkgZfxhLSnrwRr4elSSg=="],

    "is-number": ["is-number@7.0.0", "", {}, "sha512-41Cifkg6e8TylSpdtTpeLVMqvSBEVzTttHvERD741+pnZ8ANv0004MRL43QKPDlK9cGvNp6NZWZUBlbGXYxxng=="],

    "json5": ["json5@2.2.3", "", { "bin": { "json5": "lib/cli.js" } }, "sha512-XmOWe7eyHYH14cLdVPoyg+GOH3rYX++KpzrylJwSW98t3Nk+U8XOl8FWKOgwtzdb8lXGf6zYwDUzeHMWfxasyg=="],

    "lightningcss": ["lightningcss@1.30.2", "", { "dependencies": { "detect-libc": "^2.0.3" }, "optionalDependencies": { "lightningcss-android-arm64": "1.30.2", "lightningcss-darwin-arm64": "1.30.2", "lightningcss-darwin-x64": "1.30.2", "lightningcss-freebsd-x64": "1.30.2", "lightningcss-linux-arm-gnueabihf": "1.30.2", "lightningcss-linux-arm64-gnu": "1.30.2", "lightningcss-linux-arm64-musl": "1.30.2", "lightningcss-linux-x64-gnu": "1.30.2", "lightningcss-linux-x64-musl": "1.30.2", "lightningcss-win32-arm64-msvc": "1.30.2", "lightningcss-win32-x64-msvc": "1.30.2" } }, "sha512-utfs7Pr5uJyyvDETitgsaqSyjCb2qNRAtuqUeWIAKztsOYdcACf2KtARYXg2pSvhkt+9NfoaNY7fxjl6nuMjIQ=="],

    "lightningcss-android-arm64": ["lightningcss-android-arm64@1.30.2", "", { "os": "android", "cpu": "arm64" }, "sha512-BH9sEdOCahSgmkVhBLeU7Hc9DWeZ1Eb6wNS6Da8igvUwAe0sqROHddIlvU06q3WyXVEOYDZ6ykBZQnjTbmo4+A=="],

    "lightningcss-darwin-arm64": ["lightningcss-darwin-arm64@1.30.2", "", { "os": "darwin", "cpu": "arm64" }, "sha512-ylTcDJBN3Hp21TdhRT5zBOIi73P6/W0qwvlFEk22fkdXchtNTOU4Qc37SkzV+EKYxLouZ6M4LG9NfZ1qkhhBWA=="],

    "lightningcss-darwin-x64": ["lightningcss-darwin-x64@1.30.2", "", { "os": "darwin", "cpu": "x64" }, "sha512-oBZgKchomuDYxr7ilwLcyms6BCyLn0z8J0+ZZmfpjwg9fRVZIR5/GMXd7r9RH94iDhld3UmSjBM6nXWM2TfZTQ=="],

    "lightningcss-freebsd-x64": ["lightningcss-freebsd-x64@1.30.2", "", { "os": "freebsd", "cpu": "x64" }, "sha512-c2bH6xTrf4BDpK8MoGG4Bd6zAMZDAXS569UxCAGcA7IKbHNMlhGQ89eRmvpIUGfKWNVdbhSbkQaWhEoMGmGslA=="],

    "lightningcss-linux-arm-gnueabihf": ["lightningcss-linux-arm-gnueabihf@1.30.2", "", { "os": "linux", "cpu": "arm" }, "sha512-eVdpxh4wYcm0PofJIZVuYuLiqBIakQ9uFZmipf6LF/HRj5Bgm0eb3qL/mr1smyXIS1twwOxNWndd8z0E374hiA=="],

    "lightningcss-linux-arm64-gnu": ["lightningcss-linux-arm64-gnu@1.30.2", "", { "os": "linux", "cpu": "arm64" }, "sha512-UK65WJAbwIJbiBFXpxrbTNArtfuznvxAJw4Q2ZGlU8kPeDIWEX1dg3rn2veBVUylA2Ezg89ktszWbaQnxD/e3A=="],

    "lightningcss-linux-arm64-musl": ["lightningcss-linux-arm64-musl@1.30.2", "", { "os": "linux", "cpu": "arm64" }, "sha512-5Vh9dGeblpTxWHpOx8iauV02popZDsCYMPIgiuw97OJ5uaDsL86cnqSFs5LZkG3ghHoX5isLgWzMs+eD1YzrnA=="],

    "lightningcss-linux-x64-gnu": ["lightningcss-linux-x64-gnu@1.30.2", "", { "os": "linux", "cpu": "x64" }, "sha512-Cfd46gdmj1vQ+lR6VRTTadNHu6ALuw2pKR9lYq4FnhvgBc4zWY1EtZcAc6EffShbb1MFrIPfLDXD6Xprbnni4w=="],

    "lightningcss-linux-x64-musl": ["lightningcss-linux-x64-musl@1.30.2", "", { "os": "linux", "cpu": "x64" }, "sha512-XJaLUUFXb6/QG2lGIW6aIk6jKdtjtcffUT0NKvIqhSBY3hh9Ch+1LCeH80dR9q9LBjG3ewbDjnumefsLsP6aiA=="],

    "lightningcss-win32-arm64-msvc": ["lightningcss-win32-arm64-msvc@1.30.2", "", { "os": "win32", "cpu": "arm64" }, "sha512-FZn+vaj7zLv//D/192WFFVA0RgHawIcHqLX9xuWiQt7P0PtdFEVaxgF9rjM/IRYHQXNnk61/H/gb2Ei+kUQ4xQ=="],

    "lightningcss-win32-x64-msvc": ["lightningcss-win32-x64-msvc@1.30.2", "", { "os": "win32", "cpu": "x64" }, "sha512-5g1yc73p+iAkid5phb4oVFMB45417DkRevRbt/El/gKXJk4jid+vPFF/AXbxn05Aky8PapwzZrdJShv5C0avjw=="],

    "lmdb": ["lmdb@2.8.5", "", { "dependencies": { "msgpackr": "^1.9.5", "node-addon-api": "^6.1.0", "node-gyp-build-optional-packages": "5.1.1", "ordered-binary": "^1.4.1", "weak-lru-cache": "^1.2.2" }, "optionalDependencies": { "@lmdb/lmdb-darwin-arm64": "2.8.5", "@lmdb/lmdb-darwin-x64": "2.8.5", "@lmdb/lmdb-linux-arm": "2.8.5", "@lmdb/lmdb-linux-arm64": "2.8.5", "@lmdb/lmdb-linux-x64": "2.8.5", "@lmdb/lmdb-win32-x64": "2.8.5" }, "bin": { "download-lmdb-prebuilds": "bin/download-prebuilds.js" } }, "sha512-9bMdFfc80S+vSldBmG3HOuLVHnxRdNTlpzR6QDnzqCQtCzGUEAGTzBKYMeIM+I/sU4oZfgbcbS7X7F65/z/oxQ=="],

    "micromatch": ["micromatch@4.0.8", "", { "dependencies": { "braces": "^3.0.3", "picomatch": "^2.3.1" } }, "sha512-PXwfBhYu0hBCPw8Dn0E+WDYb7af3dSLVWKi3HGv84IdF4TyFoC0ysxFd0Goxw7nSv4T/PzEJQxsYsEiFCKo2BA=="],

    "msgpackr": ["msgpackr@1.11.5", "", { "optionalDependencies": { "msgpackr-extract": "^3.0.2" } }, "sha512-UjkUHN0yqp9RWKy0Lplhh+wlpdt9oQBYgULZOiFhV3VclSF1JnSQWZ5r9gORQlNYaUKQoR8itv7g7z1xDDuACA=="],

    "msgpackr-extract": ["msgpackr-extract@3.0.3", "", { "dependencies": { "node-gyp-build-optional-packages": "5.2.2" }, "optionalDependencies": { "@msgpackr-extract/msgpackr-extract-darwin-arm64": "3.0.3", "@msgpackr-extract/msgpackr-extract-darwin-x64": "3.0.3", "@msgpackr-extract/msgpackr-extract-linux-arm": "3.0.3", "@msgpackr-extract/msgpackr-extract-linux-arm64": "3.0.3", "@msgpackr-extract/msgpackr-extract-linux-x64": "3.0.3", "@msgpackr-extract/msgpackr-extract-win32-x64": "3.0.3" }, "bin": { "download-msgpackr-prebuilds": "bin/download-prebuilds.js" } }, "sha512-P0efT1C9jIdVRefqjzOQ9Xml57zpOXnIuS+csaB4MdZbTdmGDLo8XhzBG1N7aO11gKDDkJvBLULeFTo46wwreA=="],

    "node-addon-api": ["node-addon-api@7.1.1", "", {}, "sha512-5m3bsyrjFWE1xf7nz7YXdN4udnVtXK6/Yfgn5qnahL6bCkf2yKt4k3nuTKAtT4r3IG8JNR2ncsIMdZuAzJjHQQ=="],

    "node-gyp-build-optional-packages": ["node-gyp-build-optional-packages@5.1.1", "", { "dependencies": { "detect-libc": "^2.0.1" }, "bin": { "node-gyp-build-optional-packages": "bin.js", "node-gyp-build-optional-packages-test": "build-test.js", "node-gyp-build-optional-packages-optional": "optional.js" } }, "sha512-+P72GAjVAbTxjjwUmwjVrqrdZROD4nf8KgpBoDxqXXTiYZZt/ud60dE5yvCSr9lRO8e8yv6kgJIC0K0PfZFVQw=="],

    "node-releases": ["node-releases@2.0.27", "", {}, "sha512-nmh3lCkYZ3grZvqcCH+fjmQ7X+H0OeZgP40OierEaAptX4XofMh5kwNbWh7lBduUzCcV/8kZ+NDLCwm2iorIlA=="],

    "nullthrows": ["nullthrows@1.1.1", "", {}, "sha512-2vPPEi+Z7WqML2jZYddDIfy5Dqb0r2fze2zTxNNknZaFpVHU3mFB3R+DWeJWGVx0ecvttSGlJTI+WG+8Z4cDWw=="],

    "ordered-binary": ["ordered-binary@1.6.0", "", {}, "sha512-IQh2aMfMIDbPjI/8a3Edr+PiOpcsB7yo8NdW7aHWVaoR/pcDldunMvnnwbk/auPGqmKeAdxtZl7MHX/QmPwhvQ=="],

    "panic-overlay": ["panic-overlay@1.0.51", "", { "dependencies": { "parcel": "^2.0.0-beta.1", "stacktracey": "^2.1.7" } }, "sha512-zBi6seSnjwUgO1t1BF6693DxjGWDBS9nWRDaNeWRJ1zym/q1w+MJEY8sfoEISM4wlxSlYEfiWOQE8DAajk56YA=="],

    "parcel": ["parcel@2.16.1", "", { "dependencies": { "@parcel/config-default": "2.16.1", "@parcel/core": "2.16.1", "@parcel/diagnostic": "2.16.1", "@parcel/events": "2.16.1", "@parcel/feature-flags": "2.16.1", "@parcel/fs": "2.16.1", "@parcel/logger": "2.16.1", "@parcel/package-manager": "2.16.1", "@parcel/reporter-cli": "2.16.1", "@parcel/reporter-dev-server": "2.16.1", "@parcel/reporter-tracer": "2.16.1", "@parcel/utils": "2.16.1", "chalk": "^4.1.2", "commander": "^12.1.0", "get-port": "^4.2.0" }, "bin": { "parcel": "lib/bin.js" } }, "sha512-VImOEXHLdrSuG6/jX2DucrCSju/idmtLUhwS5cCy7CrWDDA1af7qdHHD038kHYXWqUIAmzHkRsp/8oRxBqNfVw=="],

    "picocolors": ["picocolors@1.1.1", "", {}, "sha512-xceH2snhtb5M9liqDsmEw56le376mTZkEX/jEb/RxNFyegNul7eNslCXP9FDj/Lcu0X8KEyMceP2ntpaHrDEVA=="],

    "picomatch": ["picomatch@2.3.1", "", {}, "sha512-JU3teHTNjmE2VCGFzuY8EXzCDVwEqB2a8fsIvwaStHhAWJEeVd1o1QD80CU6+ZdEXXSLbSsuLwJjkCBWqRQUVA=="],

    "postcss-value-parser": ["postcss-value-parser@4.2.0", "", {}, "sha512-1NNCs6uurfkVbeXG4S8JFT9t19m45ICnif8zWLd5oPSZ50QnwMfK+H3jv408d4jw/7Bttv5axS5IiHoLaVNHeQ=="],

    "powerbi-client": ["powerbi-client@2.23.9", "", { "dependencies": { "http-post-message": "^0.2", "powerbi-models": "^2.0.1", "powerbi-router": "^0.1", "window-post-message-proxy": "^0.2.7" } }, "sha512-0yeoZrA4pfkxVG/3uahtpN7hI6z7ugzr3QyZfV2+fh+mbgjbORVo3lB1dN6KqFXxNgcNGDPJbSb386EKbsj16Q=="],

    "powerbi-models": ["powerbi-models@2.0.1", "", {}, "sha512-hYYbxCNB3VJ/vn/mbldWHXLvJYHCS4ECzUEskzlTtaaVFILMhMr2r9p3wUjGTIUmZZQ6Ve8KkVT2o1w+aGjiGw=="],

    "powerbi-router": ["powerbi-router@0.1.5", "", { "dependencies": { "es6-promise": "^3.2.1", "route-recognizer": "^0.1.11" } }, "sha512-DFJCKxwh/DqMZXtHSo6xZl87mbRviZGn4P7Oi2rT0L4HMI4AjnWIrwg0JCSM7ymBzYnNe5UmrsCaf2Upur5RQA=="],

    "printable-characters": ["printable-characters@1.0.42", "", {}, "sha512-dKp+C4iXWK4vVYZmYSd0KBH5F/h1HoZRsbJ82AVKRO3PEo8L4lBS/vLwhVtpwwuYcoIsVY+1JYKR268yn480uQ=="],

    "react-refresh": ["react-refresh@0.16.0", "", {}, "sha512-FPvF2XxTSikpJxcr+bHut2H4gJ17+18Uy20D5/F+SKzFap62R3cM5wH6b8WN3LyGSYeQilLEcJcR1fjBSI2S1A=="],

    "regenerator-runtime": ["regenerator-runtime@0.14.1", "", {}, "sha512-dYnhHh0nJoMfnkZs6GmmhFknAGRrLznOu5nc9ML+EJxGvrx6H7teuevqVqCuPcPK//3eDrrjQhehXVx9cnkGdw=="],

    "route-recognizer": ["route-recognizer@0.1.11", "", {}, "sha512-7JNu5mXQVa39zxmUKyk/bfpeF2WyEC5JKVTJO5HATcoUQpcQsI3eLzhwGU69xeOagQxfOQ+yr2sSv0G8xy+vQA=="],

    "safe-buffer": ["safe-buffer@5.2.1", "", {}, "sha512-rp3So07KcdmmKbGvgaNxQSJr7bGVSVk5S9Eq1F+ppbRo70+YeaDxkw5Dd8NPN+GD6bjnYm2VuPuCXmpuYvmCXQ=="],

    "semver": ["semver@7.7.3", "", { "bin": { "semver": "bin/semver.js" } }, "sha512-SdsKMrI9TdgjdweUSR9MweHA4EJ8YxHn8DFaDisvhVlUOe4BF1tLD7GAj0lIqWVl+dPb/rExr0Btby5loQm20Q=="],

    "source-map": ["source-map@0.6.1", "", {}, "sha512-UjgapumWlbMhkBgzT7Ykc5YXUT46F0iKu8SGXq0bcwP5dz/h0Plj6enJqjz1Zbq2l5WaqYnrVbwWOWMyF3F47g=="],

    "stacktracey": ["stacktracey@2.1.8", "", { "dependencies": { "as-table": "^1.0.36", "get-source": "^2.0.12" } }, "sha512-Kpij9riA+UNg7TnphqjH7/CzctQ/owJGNbFkfEeve4Z4uxT5+JapVLFXcsurIfN34gnTWZNJ/f7NMG0E8JDzTw=="],

    "supports-color": ["supports-color@7.2.0", "", { "dependencies": { "has-flag": "^4.0.0" } }, "sha512-qpCAvRl9stuOHveKsn7HncJRvv501qIacKzQlO/+Lwxc9+0q2wLyv4Dfvt80/DPn2pqOBsJdDiogXGR9+OvwRw=="],

    "term-size": ["term-size@2.2.1", "", {}, "sha512-wK0Ri4fOGjv/XPy8SBHZChl8CM7uMc5VML7SqiQ0zG7+J5Vr+RMQDoHa2CNT6KHUnTGIXH34UDMkPzAUyapBZg=="],

    "to-regex-range": ["to-regex-range@5.0.1", "", { "dependencies": { "is-number": "^7.0.0" } }, "sha512-65P7iz6X5yEr1cwcgvQxbbIw7Uk3gOy5dIdtZ4rDveLqhrdJP+Li/Hx6tyK0NEb+2GCyneCMJiGqrADCSNk8sQ=="],

    "tslib": ["tslib@2.8.1", "", {}, "sha512-oJFu94HQb+KVduSUQL7wnpmqnfmLsOA/nAh6b6EH0wCEoK0/mPeXU6c3wKDV83MkOuHPRHtSXKKU99IBazS/2w=="],

    "type-fest": ["type-fest@0.20.2", "", {}, "sha512-Ne+eE4r0/iWnpAxD852z3A+N0Bt5RN//NjJwRd2VFHEmrywxf5vsZlh4R6lixl6B+wz/8d+maTSAkN1FIkI3LQ=="],

    "update-browserslist-db": ["update-browserslist-db@1.2.2", "", { "dependencies": { "escalade": "^3.2.0", "picocolors": "^1.1.1" }, "peerDependencies": { "browserslist": ">= 4.21.0" }, "bin": { "update-browserslist-db": "cli.js" } }, "sha512-E85pfNzMQ9jpKkA7+TJAi4TJN+tBCuWh5rUcS/sv6cFi+1q9LYDwDI5dpUL0u/73EElyQ8d3TEaeW4sPedBqYA=="],

    "utility-types": ["utility-types@3.11.0", "", {}, "sha512-6Z7Ma2aVEWisaL6TvBCy7P8rm2LQoPv6dJ7ecIaIixHcwfbJ0x7mWdbcwlIM5IGQxPZSFYeqRCqlOOeKoJYMkw=="],

    "weak-lru-cache": ["weak-lru-cache@1.2.2", "", {}, "sha512-DEAoo25RfSYMuTGc9vPJzZcZullwIqRDSI9LOy+fkCJPi6hykCnfKaXTuPBDuXAUcqHXyOgFtHNp/kB2FjYHbw=="],

    "window-post-message-proxy": ["window-post-message-proxy@0.2.9", "", { "dependencies": { "es6-promise": "^3.1.2" } }, "sha512-hHmF5dvY27wy4EKN9c5qukPtzlbrdUzkMiCHud4gYKXCFAiGOBhCfi/dVBvwbUf0qrEGwFNnqkvk6DE54sdlcw=="],

    "lightningcss/detect-libc": ["detect-libc@2.1.2", "", {}, "sha512-Btj2BOOO83o3WyH59e8MgXsxEQVcarkUOpEYrubB0urwnN10yQ364rsiByU11nZlqWYZm05i/of7io4mzihBtQ=="],

    "lmdb/node-addon-api": ["node-addon-api@6.1.0", "", {}, "sha512-+eawOlIgy680F0kBzPUNFhMZGtJ1YmqM6l4+Crf4IkImjYrO/mqPwRMh352g23uIaQKFItcQ64I7KMaJxHgAVA=="],

    "msgpackr-extract/node-gyp-build-optional-packages": ["node-gyp-build-optional-packages@5.2.2", "", { "dependencies": { "detect-libc": "^2.0.1" }, "bin": { "node-gyp-build-optional-packages": "bin.js", "node-gyp-build-optional-packages-optional": "optional.js", "node-gyp-build-optional-packages-test": "build-test.js" } }, "sha512-s+w+rBWnpTMwSFbaE0UXsRlg7hU4FjekKU4eyAih5T8nJuNZT1nNsskXpxmeqSK9UzkBl6UgRlnKc8hz8IEqOw=="],

    "node-gyp-build-optional-packages/detect-libc": ["detect-libc@2.1.2", "", {}, "sha512-Btj2BOOO83o3WyH59e8MgXsxEQVcarkUOpEYrubB0urwnN10yQ364rsiByU11nZlqWYZm05i/of7io4mzihBtQ=="],

    "msgpackr-extract/node-gyp-build-optional-packages/detect-libc": ["detect-libc@2.1.2", "", {}, "sha512-Btj2BOOO83o3WyH59e8MgXsxEQVcarkUOpEYrubB0urwnN10yQ364rsiByU11nZlqWYZm05i/of7io4mzihBtQ=="],
  }
}
